// !$*UTF8*$!
{
	archiveVersion = 1;
	classes = {
	};
	objectVersion = 55;
	objects = {

/* Begin PBXBuildFile section */
		9DFFEDA154FC02B83D81E588 /* Pods_Workouts.framework in Frameworks */ = {isa = PBXBuildFile; fileRef = 701CC8D45FE9A4B71501F5A2 /* Pods_Workouts.framework */; };
		D09377E92803736D008082E2 /* WorkoutsView.swift in Sources */ = {isa = PBXBuildFile; fileRef = D09377E82803736D008082E2 /* WorkoutsView.swift */; };
		D09377EB2803E3C9008082E2 /* UserModel.swift in Sources */ = {isa = PBXBuildFile; fileRef = D09377EA2803E3C9008082E2 /* UserModel.swift */; };
		D09377F028040CAE008082E2 /* ProfileViewModel.swift in Sources */ = {isa = PBXBuildFile; fileRef = D09377EF28040CAE008082E2 /* ProfileViewModel.swift */; };
		D09377F228051105008082E2 /* LoginViewModel.swift in Sources */ = {isa = PBXBuildFile; fileRef = D09377F128051105008082E2 /* LoginViewModel.swift */; };
		D09377F628052C40008082E2 /* WorkoutCardView.swift in Sources */ = {isa = PBXBuildFile; fileRef = D09377F528052C40008082E2 /* WorkoutCardView.swift */; };
		D09377F828052C59008082E2 /* WorkoutViewModel.swift in Sources */ = {isa = PBXBuildFile; fileRef = D09377F728052C59008082E2 /* WorkoutViewModel.swift */; };
		D09377FA28054879008082E2 /* WorkoutsViewModel.swift in Sources */ = {isa = PBXBuildFile; fileRef = D09377F928054879008082E2 /* WorkoutsViewModel.swift */; };
		D09377FC28054E13008082E2 /* WorkoutModel.swift in Sources */ = {isa = PBXBuildFile; fileRef = D09377FB28054E13008082E2 /* WorkoutModel.swift */; };
		D09377FE280559EA008082E2 /* AddWorkoutView.swift in Sources */ = {isa = PBXBuildFile; fileRef = D09377FD280559EA008082E2 /* AddWorkoutView.swift */; };
		D093780028056505008082E2 /* DropDownView.swift in Sources */ = {isa = PBXBuildFile; fileRef = D09377FF28056505008082E2 /* DropDownView.swift */; };
		D09378022805697F008082E2 /* AddWorkoutViewModel.swift in Sources */ = {isa = PBXBuildFile; fileRef = D09378012805697F008082E2 /* AddWorkoutViewModel.swift */; };
		D09378042805752F008082E2 /* Helper.swift in Sources */ = {isa = PBXBuildFile; fileRef = D09378032805752F008082E2 /* Helper.swift */; };
		D0937807280576A4008082E2 /* DateExtension.swift in Sources */ = {isa = PBXBuildFile; fileRef = D0937806280576A4008082E2 /* DateExtension.swift */; };
		D093780928057DAF008082E2 /* WorkoutDetailsView.swift in Sources */ = {isa = PBXBuildFile; fileRef = D093780828057DAF008082E2 /* WorkoutDetailsView.swift */; };
		D093780F28067A6D008082E2 /* Assets.xcassets in Resources */ = {isa = PBXBuildFile; fileRef = D093780E28067A6D008082E2 /* Assets.xcassets */; };
		D09378162806B012008082E2 /* StorageManager.swift in Sources */ = {isa = PBXBuildFile; fileRef = D09378152806B012008082E2 /* StorageManager.swift */; };
		D093781A2806C081008082E2 /* ImagePicker.swift in Sources */ = {isa = PBXBuildFile; fileRef = D09378192806C081008082E2 /* ImagePicker.swift */; };
		D093782A2807821C008082E2 /* FirebaseImage.swift in Sources */ = {isa = PBXBuildFile; fileRef = D09378292807821C008082E2 /* FirebaseImage.swift */; };
		D093782C28078242008082E2 /* Loader.swift in Sources */ = {isa = PBXBuildFile; fileRef = D093782B28078242008082E2 /* Loader.swift */; };
		D0B07937280241F3007EE7D6 /* GoogleService-Info.plist in Resources */ = {isa = PBXBuildFile; fileRef = D0B07936280241F3007EE7D6 /* GoogleService-Info.plist */; };
		D0B0793B2802495D007EE7D6 /* AuthState.swift in Sources */ = {isa = PBXBuildFile; fileRef = D0B0793A2802495D007EE7D6 /* AuthState.swift */; };
		D0B0793D28024BA8007EE7D6 /* MainView.swift in Sources */ = {isa = PBXBuildFile; fileRef = D0B0793C28024BA8007EE7D6 /* MainView.swift */; };
		D0B0793F28024BE7007EE7D6 /* HomeView.swift in Sources */ = {isa = PBXBuildFile; fileRef = D0B0793E28024BE7007EE7D6 /* HomeView.swift */; };
		D0B0794128024D50007EE7D6 /* ProfileView.swift in Sources */ = {isa = PBXBuildFile; fileRef = D0B0794028024D50007EE7D6 /* ProfileView.swift */; };
		D0C1EB3428023716001A7959 /* WorkoutsApp.swift in Sources */ = {isa = PBXBuildFile; fileRef = D0C1EB3328023716001A7959 /* WorkoutsApp.swift */; };
		D0C1EB3628023716001A7959 /* LoginView.swift in Sources */ = {isa = PBXBuildFile; fileRef = D0C1EB3528023716001A7959 /* LoginView.swift */; };
		D0C1EB3B28023717001A7959 /* Preview Assets.xcassets in Resources */ = {isa = PBXBuildFile; fileRef = D0C1EB3A28023717001A7959 /* Preview Assets.xcassets */; };
/* End PBXBuildFile section */

/* Begin PBXFileReference section */
		701CC8D45FE9A4B71501F5A2 /* Pods_Workouts.framework */ = {isa = PBXFileReference; explicitFileType = wrapper.framework; includeInIndex = 0; path = Pods_Workouts.framework; sourceTree = BUILT_PRODUCTS_DIR; };
		7AC248A3C92B22D00C88123B /* Pods-Workouts.debug.xcconfig */ = {isa = PBXFileReference; includeInIndex = 1; lastKnownFileType = text.xcconfig; name = "Pods-Workouts.debug.xcconfig"; path = "Target Support Files/Pods-Workouts/Pods-Workouts.debug.xcconfig"; sourceTree = "<group>"; };
		D09377E82803736D008082E2 /* WorkoutsView.swift */ = {isa = PBXFileReference; lastKnownFileType = sourcecode.swift; path = WorkoutsView.swift; sourceTree = "<group>"; };
		D09377EA2803E3C9008082E2 /* UserModel.swift */ = {isa = PBXFileReference; lastKnownFileType = sourcecode.swift; path = UserModel.swift; sourceTree = "<group>"; };
		D09377EF28040CAE008082E2 /* ProfileViewModel.swift */ = {isa = PBXFileReference; lastKnownFileType = sourcecode.swift; path = ProfileViewModel.swift; sourceTree = "<group>"; };
		D09377F128051105008082E2 /* LoginViewModel.swift */ = {isa = PBXFileReference; lastKnownFileType = sourcecode.swift; path = LoginViewModel.swift; sourceTree = "<group>"; };
		D09377F528052C40008082E2 /* WorkoutCardView.swift */ = {isa = PBXFileReference; lastKnownFileType = sourcecode.swift; path = WorkoutCardView.swift; sourceTree = "<group>"; };
		D09377F728052C59008082E2 /* WorkoutViewModel.swift */ = {isa = PBXFileReference; lastKnownFileType = sourcecode.swift; path = WorkoutViewModel.swift; sourceTree = "<group>"; };
		D09377F928054879008082E2 /* WorkoutsViewModel.swift */ = {isa = PBXFileReference; lastKnownFileType = sourcecode.swift; path = WorkoutsViewModel.swift; sourceTree = "<group>"; };
		D09377FB28054E13008082E2 /* WorkoutModel.swift */ = {isa = PBXFileReference; lastKnownFileType = sourcecode.swift; path = WorkoutModel.swift; sourceTree = "<group>"; };
		D09377FD280559EA008082E2 /* AddWorkoutView.swift */ = {isa = PBXFileReference; lastKnownFileType = sourcecode.swift; path = AddWorkoutView.swift; sourceTree = "<group>"; };
		D09377FF28056505008082E2 /* DropDownView.swift */ = {isa = PBXFileReference; lastKnownFileType = sourcecode.swift; path = DropDownView.swift; sourceTree = "<group>"; };
		D09378012805697F008082E2 /* AddWorkoutViewModel.swift */ = {isa = PBXFileReference; lastKnownFileType = sourcecode.swift; path = AddWorkoutViewModel.swift; sourceTree = "<group>"; };
		D09378032805752F008082E2 /* Helper.swift */ = {isa = PBXFileReference; lastKnownFileType = sourcecode.swift; path = Helper.swift; sourceTree = "<group>"; };
		D0937806280576A4008082E2 /* DateExtension.swift */ = {isa = PBXFileReference; lastKnownFileType = sourcecode.swift; path = DateExtension.swift; sourceTree = "<group>"; };
		D093780828057DAF008082E2 /* WorkoutDetailsView.swift */ = {isa = PBXFileReference; lastKnownFileType = sourcecode.swift; path = WorkoutDetailsView.swift; sourceTree = "<group>"; };
		D093780E28067A6D008082E2 /* Assets.xcassets */ = {isa = PBXFileReference; lastKnownFileType = folder.assetcatalog; path = Assets.xcassets; sourceTree = "<group>"; };
		D09378152806B012008082E2 /* StorageManager.swift */ = {isa = PBXFileReference; lastKnownFileType = sourcecode.swift; path = StorageManager.swift; sourceTree = "<group>"; };
		D09378192806C081008082E2 /* ImagePicker.swift */ = {isa = PBXFileReference; lastKnownFileType = sourcecode.swift; path = ImagePicker.swift; sourceTree = "<group>"; };
		D09378292807821C008082E2 /* FirebaseImage.swift */ = {isa = PBXFileReference; lastKnownFileType = sourcecode.swift; path = FirebaseImage.swift; sourceTree = "<group>"; };
		D093782B28078242008082E2 /* Loader.swift */ = {isa = PBXFileReference; lastKnownFileType = sourcecode.swift; path = Loader.swift; sourceTree = "<group>"; };
		D0B07936280241F3007EE7D6 /* GoogleService-Info.plist */ = {isa = PBXFileReference; fileEncoding = 4; lastKnownFileType = text.plist.xml; path = "GoogleService-Info.plist"; sourceTree = "<group>"; };
		D0B0793A2802495D007EE7D6 /* AuthState.swift */ = {isa = PBXFileReference; lastKnownFileType = sourcecode.swift; path = AuthState.swift; sourceTree = "<group>"; };
		D0B0793C28024BA8007EE7D6 /* MainView.swift */ = {isa = PBXFileReference; lastKnownFileType = sourcecode.swift; path = MainView.swift; sourceTree = "<group>"; };
		D0B0793E28024BE7007EE7D6 /* HomeView.swift */ = {isa = PBXFileReference; lastKnownFileType = sourcecode.swift; path = HomeView.swift; sourceTree = "<group>"; };
		D0B0794028024D50007EE7D6 /* ProfileView.swift */ = {isa = PBXFileReference; lastKnownFileType = sourcecode.swift; path = ProfileView.swift; sourceTree = "<group>"; };
		D0B0794228025C82007EE7D6 /* Info.plist */ = {isa = PBXFileReference; lastKnownFileType = text.plist; path = Info.plist; sourceTree = "<group>"; };
		D0C1EB3028023716001A7959 /* Workouts.app */ = {isa = PBXFileReference; explicitFileType = wrapper.application; includeInIndex = 0; path = Workouts.app; sourceTree = BUILT_PRODUCTS_DIR; };
		D0C1EB3328023716001A7959 /* WorkoutsApp.swift */ = {isa = PBXFileReference; lastKnownFileType = sourcecode.swift; path = WorkoutsApp.swift; sourceTree = "<group>"; };
		D0C1EB3528023716001A7959 /* LoginView.swift */ = {isa = PBXFileReference; lastKnownFileType = sourcecode.swift; path = LoginView.swift; sourceTree = "<group>"; };
		D0C1EB3A28023717001A7959 /* Preview Assets.xcassets */ = {isa = PBXFileReference; lastKnownFileType = folder.assetcatalog; path = "Preview Assets.xcassets"; sourceTree = "<group>"; };
		D57A302D63FFCBDE459A136C /* Pods-Workouts.release.xcconfig */ = {isa = PBXFileReference; includeInIndex = 1; lastKnownFileType = text.xcconfig; name = "Pods-Workouts.release.xcconfig"; path = "Target Support Files/Pods-Workouts/Pods-Workouts.release.xcconfig"; sourceTree = "<group>"; };
/* End PBXFileReference section */

/* Begin PBXFrameworksBuildPhase section */
		D0C1EB2D28023716001A7959 /* Frameworks */ = {
			isa = PBXFrameworksBuildPhase;
			buildActionMask = 2147483647;
			files = (
				9DFFEDA154FC02B83D81E588 /* Pods_Workouts.framework in Frameworks */,
			);
			runOnlyForDeploymentPostprocessing = 0;
		};
/* End PBXFrameworksBuildPhase section */

/* Begin PBXGroup section */
		137BBA7EAC0DDE75F9C178E1 /* Frameworks */ = {
			isa = PBXGroup;
			children = (
				701CC8D45FE9A4B71501F5A2 /* Pods_Workouts.framework */,
			);
			name = Frameworks;
			sourceTree = "<group>";
		};
		6C1FEB22D895B5191A29664C /* Pods */ = {
			isa = PBXGroup;
			children = (
				7AC248A3C92B22D00C88123B /* Pods-Workouts.debug.xcconfig */,
				D57A302D63FFCBDE459A136C /* Pods-Workouts.release.xcconfig */,
			);
			path = Pods;
			sourceTree = "<group>";
		};
		D09377E7280279E8008082E2 /* Models */ = {
			isa = PBXGroup;
			children = (
				D09377EA2803E3C9008082E2 /* UserModel.swift */,
				D09377FB28054E13008082E2 /* WorkoutModel.swift */,
			);
			path = Models;
			sourceTree = "<group>";
		};
		D09377EC28040A6B008082E2 /* Controllers */ = {
			isa = PBXGroup;
			children = (
			);
			path = Controllers;
			sourceTree = "<group>";
		};
		D09377F328052C13008082E2 /* Components */ = {
			isa = PBXGroup;
			children = (
				D09377F728052C59008082E2 /* WorkoutViewModel.swift */,
				D09378292807821C008082E2 /* FirebaseImage.swift */,
			);
			path = Components;
			sourceTree = "<group>";
		};
		D09377F428052C31008082E2 /* Components */ = {
			isa = PBXGroup;
			children = (
				D09377F528052C40008082E2 /* WorkoutCardView.swift */,
				D09377FF28056505008082E2 /* DropDownView.swift */,
				D09378192806C081008082E2 /* ImagePicker.swift */,
			);
			path = Components;
			sourceTree = "<group>";
		};
		D093780528057697008082E2 /* Extensions */ = {
			isa = PBXGroup;
			children = (
				D0937806280576A4008082E2 /* DateExtension.swift */,
			);
			path = Extensions;
			sourceTree = "<group>";
		};
		D09378142806AFF9008082E2 /* Utility */ = {
			isa = PBXGroup;
			children = (
				D093780528057697008082E2 /* Extensions */,
				D09378032805752F008082E2 /* Helper.swift */,
				D09378152806B012008082E2 /* StorageManager.swift */,
				D093782B28078242008082E2 /* Loader.swift */,
			);
			path = Utility;
			sourceTree = "<group>";
		};
		D0B079382802491C007EE7D6 /* Views */ = {
			isa = PBXGroup;
			children = (
				D09377F428052C31008082E2 /* Components */,
				D0C1EB3528023716001A7959 /* LoginView.swift */,
				D0B0793C28024BA8007EE7D6 /* MainView.swift */,
				D0B0793E28024BE7007EE7D6 /* HomeView.swift */,
				D0B0794028024D50007EE7D6 /* ProfileView.swift */,
				D09377E82803736D008082E2 /* WorkoutsView.swift */,
				D09377FD280559EA008082E2 /* AddWorkoutView.swift */,
				D093780828057DAF008082E2 /* WorkoutDetailsView.swift */,
			);
			path = Views;
			sourceTree = "<group>";
		};
		D0B0793928024924007EE7D6 /* ViewModels */ = {
			isa = PBXGroup;
			children = (
				D09377F328052C13008082E2 /* Components */,
				D09377EF28040CAE008082E2 /* ProfileViewModel.swift */,
				D09377F128051105008082E2 /* LoginViewModel.swift */,
				D09377F928054879008082E2 /* WorkoutsViewModel.swift */,
				D09378012805697F008082E2 /* AddWorkoutViewModel.swift */,
			);
			path = ViewModels;
			sourceTree = "<group>";
		};
		D0C1EB2728023716001A7959 = {
			isa = PBXGroup;
			children = (
				D093780E28067A6D008082E2 /* Assets.xcassets */,
				D0C1EB3228023716001A7959 /* Workouts */,
				D0C1EB3128023716001A7959 /* Products */,
				6C1FEB22D895B5191A29664C /* Pods */,
				137BBA7EAC0DDE75F9C178E1 /* Frameworks */,
			);
			sourceTree = "<group>";
		};
		D0C1EB3128023716001A7959 /* Products */ = {
			isa = PBXGroup;
			children = (
				D0C1EB3028023716001A7959 /* Workouts.app */,
			);
			name = Products;
			sourceTree = "<group>";
		};
		D0C1EB3228023716001A7959 /* Workouts */ = {
			isa = PBXGroup;
			children = (
				D09378142806AFF9008082E2 /* Utility */,
				D09377EC28040A6B008082E2 /* Controllers */,
				D0B0793A2802495D007EE7D6 /* AuthState.swift */,
				D09377E7280279E8008082E2 /* Models */,
				D0B0794228025C82007EE7D6 /* Info.plist */,
				D0B0793928024924007EE7D6 /* ViewModels */,
				D0B079382802491C007EE7D6 /* Views */,
				D0B07936280241F3007EE7D6 /* GoogleService-Info.plist */,
				D0C1EB3328023716001A7959 /* WorkoutsApp.swift */,
				D0C1EB3928023717001A7959 /* Preview Content */,
			);
			path = Workouts;
			sourceTree = "<group>";
		};
		D0C1EB3928023717001A7959 /* Preview Content */ = {
			isa = PBXGroup;
			children = (
				D0C1EB3A28023717001A7959 /* Preview Assets.xcassets */,
			);
			path = "Preview Content";
			sourceTree = "<group>";
		};
/* End PBXGroup section */

/* Begin PBXNativeTarget section */
		D0C1EB2F28023716001A7959 /* Workouts */ = {
			isa = PBXNativeTarget;
			buildConfigurationList = D0C1EB3E28023717001A7959 /* Build configuration list for PBXNativeTarget "Workouts" */;
			buildPhases = (
				C4A42DEADDBEDA48092A4EE8 /* [CP] Check Pods Manifest.lock */,
				D0C1EB2C28023716001A7959 /* Sources */,
				D0C1EB2D28023716001A7959 /* Frameworks */,
				D0C1EB2E28023716001A7959 /* Resources */,
				BBD10BF4227FFA4C04B2740C /* [CP] Embed Pods Frameworks */,
			);
			buildRules = (
			);
			dependencies = (
			);
			name = Workouts;
			productName = Workouts;
			productReference = D0C1EB3028023716001A7959 /* Workouts.app */;
			productType = "com.apple.product-type.application";
		};
/* End PBXNativeTarget section */

/* Begin PBXProject section */
		D0C1EB2828023716001A7959 /* Project object */ = {
			isa = PBXProject;
			attributes = {
				BuildIndependentTargetsInParallel = 1;
				LastSwiftUpdateCheck = 1320;
				LastUpgradeCheck = 1320;
				TargetAttributes = {
					D0C1EB2F28023716001A7959 = {
						CreatedOnToolsVersion = 13.2.1;
					};
				};
			};
			buildConfigurationList = D0C1EB2B28023716001A7959 /* Build configuration list for PBXProject "Workouts" */;
			compatibilityVersion = "Xcode 13.0";
			developmentRegion = en;
			hasScannedForEncodings = 0;
			knownRegions = (
				en,
				Base,
			);
			mainGroup = D0C1EB2728023716001A7959;
			productRefGroup = D0C1EB3128023716001A7959 /* Products */;
			projectDirPath = "";
			projectRoot = "";
			targets = (
				D0C1EB2F28023716001A7959 /* Workouts */,
			);
		};
/* End PBXProject section */

/* Begin PBXResourcesBuildPhase section */
		D0C1EB2E28023716001A7959 /* Resources */ = {
			isa = PBXResourcesBuildPhase;
			buildActionMask = 2147483647;
			files = (
				D0C1EB3B28023717001A7959 /* Preview Assets.xcassets in Resources */,
				D093780F28067A6D008082E2 /* Assets.xcassets in Resources */,
				D0B07937280241F3007EE7D6 /* GoogleService-Info.plist in Resources */,
			);
			runOnlyForDeploymentPostprocessing = 0;
		};
/* End PBXResourcesBuildPhase section */

/* Begin PBXShellScriptBuildPhase section */
		BBD10BF4227FFA4C04B2740C /* [CP] Embed Pods Frameworks */ = {
			isa = PBXShellScriptBuildPhase;
			buildActionMask = 2147483647;
			files = (
			);
			inputFileListPaths = (
				"${PODS_ROOT}/Target Support Files/Pods-Workouts/Pods-Workouts-frameworks-${CONFIGURATION}-input-files.xcfilelist",
			);
			name = "[CP] Embed Pods Frameworks";
			outputFileListPaths = (
				"${PODS_ROOT}/Target Support Files/Pods-Workouts/Pods-Workouts-frameworks-${CONFIGURATION}-output-files.xcfilelist",
			);
			runOnlyForDeploymentPostprocessing = 0;
			shellPath = /bin/sh;
			shellScript = "\"${PODS_ROOT}/Target Support Files/Pods-Workouts/Pods-Workouts-frameworks.sh\"\n";
			showEnvVarsInLog = 0;
		};
		C4A42DEADDBEDA48092A4EE8 /* [CP] Check Pods Manifest.lock */ = {
			isa = PBXShellScriptBuildPhase;
			buildActionMask = 2147483647;
			files = (
			);
			inputFileListPaths = (
			);
			inputPaths = (
				"${PODS_PODFILE_DIR_PATH}/Podfile.lock",
				"${PODS_ROOT}/Manifest.lock",
			);
			name = "[CP] Check Pods Manifest.lock";
			outputFileListPaths = (
			);
			outputPaths = (
				"$(DERIVED_FILE_DIR)/Pods-Workouts-checkManifestLockResult.txt",
			);
			runOnlyForDeploymentPostprocessing = 0;
			shellPath = /bin/sh;
			shellScript = "diff \"${PODS_PODFILE_DIR_PATH}/Podfile.lock\" \"${PODS_ROOT}/Manifest.lock\" > /dev/null\nif [ $? != 0 ] ; then\n    # print error to STDERR\n    echo \"error: The sandbox is not in sync with the Podfile.lock. Run 'pod install' or update your CocoaPods installation.\" >&2\n    exit 1\nfi\n# This output is used by Xcode 'outputs' to avoid re-running this script phase.\necho \"SUCCESS\" > \"${SCRIPT_OUTPUT_FILE_0}\"\n";
			showEnvVarsInLog = 0;
		};
/* End PBXShellScriptBuildPhase section */

/* Begin PBXSourcesBuildPhase section */
		D0C1EB2C28023716001A7959 /* Sources */ = {
			isa = PBXSourcesBuildPhase;
			buildActionMask = 2147483647;
			files = (
				D09377F628052C40008082E2 /* WorkoutCardView.swift in Sources */,
				D093782A2807821C008082E2 /* FirebaseImage.swift in Sources */,
				D09377FE280559EA008082E2 /* AddWorkoutView.swift in Sources */,
				D0C1EB3628023716001A7959 /* LoginView.swift in Sources */,
				D0B0793D28024BA8007EE7D6 /* MainView.swift in Sources */,
				D09377FC28054E13008082E2 /* WorkoutModel.swift in Sources */,
				D0937807280576A4008082E2 /* DateExtension.swift in Sources */,
				D09378042805752F008082E2 /* Helper.swift in Sources */,
				D093781A2806C081008082E2 /* ImagePicker.swift in Sources */,
				D093780928057DAF008082E2 /* WorkoutDetailsView.swift in Sources */,
				D093780028056505008082E2 /* DropDownView.swift in Sources */,
				D09378022805697F008082E2 /* AddWorkoutViewModel.swift in Sources */,
				D09377EB2803E3C9008082E2 /* UserModel.swift in Sources */,
				D09377F828052C59008082E2 /* WorkoutViewModel.swift in Sources */,
				D093782C28078242008082E2 /* Loader.swift in Sources */,
				D09378162806B012008082E2 /* StorageManager.swift in Sources */,
				D09377F028040CAE008082E2 /* ProfileViewModel.swift in Sources */,
				D0C1EB3428023716001A7959 /* WorkoutsApp.swift in Sources */,
				D09377FA28054879008082E2 /* WorkoutsViewModel.swift in Sources */,
				D0B0794128024D50007EE7D6 /* ProfileView.swift in Sources */,
				D0B0793F28024BE7007EE7D6 /* HomeView.swift in Sources */,
				D09377E92803736D008082E2 /* WorkoutsView.swift in Sources */,
				D09377F228051105008082E2 /* LoginViewModel.swift in Sources */,
				D0B0793B2802495D007EE7D6 /* AuthState.swift in Sources */,
			);
			runOnlyForDeploymentPostprocessing = 0;
		};
/* End PBXSourcesBuildPhase section */

/* Begin XCBuildConfiguration section */
		D0C1EB3C28023717001A7959 /* Debug */ = {
			isa = XCBuildConfiguration;
			buildSettings = {
				ALWAYS_SEARCH_USER_PATHS = NO;
				CLANG_ANALYZER_NONNULL = YES;
				CLANG_ANALYZER_NUMBER_OBJECT_CONVERSION = YES_AGGRESSIVE;
				CLANG_CXX_LANGUAGE_STANDARD = "gnu++17";
				CLANG_CXX_LIBRARY = "libc++";
				CLANG_ENABLE_MODULES = YES;
				CLANG_ENABLE_OBJC_ARC = YES;
				CLANG_ENABLE_OBJC_WEAK = YES;
				CLANG_WARN_BLOCK_CAPTURE_AUTORELEASING = YES;
				CLANG_WARN_BOOL_CONVERSION = YES;
				CLANG_WARN_COMMA = YES;
				CLANG_WARN_CONSTANT_CONVERSION = YES;
				CLANG_WARN_DEPRECATED_OBJC_IMPLEMENTATIONS = YES;
				CLANG_WARN_DIRECT_OBJC_ISA_USAGE = YES_ERROR;
				CLANG_WARN_DOCUMENTATION_COMMENTS = YES;
				CLANG_WARN_EMPTY_BODY = YES;
				CLANG_WARN_ENUM_CONVERSION = YES;
				CLANG_WARN_INFINITE_RECURSION = YES;
				CLANG_WARN_INT_CONVERSION = YES;
				CLANG_WARN_NON_LITERAL_NULL_CONVERSION = YES;
				CLANG_WARN_OBJC_IMPLICIT_RETAIN_SELF = YES;
				CLANG_WARN_OBJC_LITERAL_CONVERSION = YES;
				CLANG_WARN_OBJC_ROOT_CLASS = YES_ERROR;
				CLANG_WARN_QUOTED_INCLUDE_IN_FRAMEWORK_HEADER = YES;
				CLANG_WARN_RANGE_LOOP_ANALYSIS = YES;
				CLANG_WARN_STRICT_PROTOTYPES = YES;
				CLANG_WARN_SUSPICIOUS_MOVE = YES;
				CLANG_WARN_UNGUARDED_AVAILABILITY = YES_AGGRESSIVE;
				CLANG_WARN_UNREACHABLE_CODE = YES;
				CLANG_WARN__DUPLICATE_METHOD_MATCH = YES;
				COPY_PHASE_STRIP = NO;
				DEBUG_INFORMATION_FORMAT = dwarf;
				ENABLE_STRICT_OBJC_MSGSEND = YES;
				ENABLE_TESTABILITY = YES;
				GCC_C_LANGUAGE_STANDARD = gnu11;
				GCC_DYNAMIC_NO_PIC = NO;
				GCC_NO_COMMON_BLOCKS = YES;
				GCC_OPTIMIZATION_LEVEL = 0;
				GCC_PREPROCESSOR_DEFINITIONS = (
					"DEBUG=1",
					"$(inherited)",
				);
				GCC_WARN_64_TO_32_BIT_CONVERSION = YES;
				GCC_WARN_ABOUT_RETURN_TYPE = YES_ERROR;
				GCC_WARN_UNDECLARED_SELECTOR = YES;
				GCC_WARN_UNINITIALIZED_AUTOS = YES_AGGRESSIVE;
				GCC_WARN_UNUSED_FUNCTION = YES;
				GCC_WARN_UNUSED_VARIABLE = YES;
				IPHONEOS_DEPLOYMENT_TARGET = 15.2;
				MTL_ENABLE_DEBUG_INFO = INCLUDE_SOURCE;
				MTL_FAST_MATH = YES;
				ONLY_ACTIVE_ARCH = YES;
				SDKROOT = iphoneos;
				SWIFT_ACTIVE_COMPILATION_CONDITIONS = DEBUG;
				SWIFT_OPTIMIZATION_LEVEL = "-Onone";
			};
			name = Debug;
		};
		D0C1EB3D28023717001A7959 /* Release */ = {
			isa = XCBuildConfiguration;
			buildSettings = {
				ALWAYS_SEARCH_USER_PATHS = NO;
				CLANG_ANALYZER_NONNULL = YES;
				CLANG_ANALYZER_NUMBER_OBJECT_CONVERSION = YES_AGGRESSIVE;
				CLANG_CXX_LANGUAGE_STANDARD = "gnu++17";
				CLANG_CXX_LIBRARY = "libc++";
				CLANG_ENABLE_MODULES = YES;
				CLANG_ENABLE_OBJC_ARC = YES;
				CLANG_ENABLE_OBJC_WEAK = YES;
				CLANG_WARN_BLOCK_CAPTURE_AUTORELEASING = YES;
				CLANG_WARN_BOOL_CONVERSION = YES;
				CLANG_WARN_COMMA = YES;
				CLANG_WARN_CONSTANT_CONVERSION = YES;
				CLANG_WARN_DEPRECATED_OBJC_IMPLEMENTATIONS = YES;
				CLANG_WARN_DIRECT_OBJC_ISA_USAGE = YES_ERROR;
				CLANG_WARN_DOCUMENTATION_COMMENTS = YES;
				CLANG_WARN_EMPTY_BODY = YES;
				CLANG_WARN_ENUM_CONVERSION = YES;
				CLANG_WARN_INFINITE_RECURSION = YES;
				CLANG_WARN_INT_CONVERSION = YES;
				CLANG_WARN_NON_LITERAL_NULL_CONVERSION = YES;
				CLANG_WARN_OBJC_IMPLICIT_RETAIN_SELF = YES;
				CLANG_WARN_OBJC_LITERAL_CONVERSION = YES;
				CLANG_WARN_OBJC_ROOT_CLASS = YES_ERROR;
				CLANG_WARN_QUOTED_INCLUDE_IN_FRAMEWORK_HEADER = YES;
				CLANG_WARN_RANGE_LOOP_ANALYSIS = YES;
				CLANG_WARN_STRICT_PROTOTYPES = YES;
				CLANG_WARN_SUSPICIOUS_MOVE = YES;
				CLANG_WARN_UNGUARDED_AVAILABILITY = YES_AGGRESSIVE;
				CLANG_WARN_UNREACHABLE_CODE = YES;
				CLANG_WARN__DUPLICATE_METHOD_MATCH = YES;
				COPY_PHASE_STRIP = NO;
				DEBUG_INFORMATION_FORMAT = "dwarf-with-dsym";
				ENABLE_NS_ASSERTIONS = NO;
				ENABLE_STRICT_OBJC_MSGSEND = YES;
				GCC_C_LANGUAGE_STANDARD = gnu11;
				GCC_NO_COMMON_BLOCKS = YES;
				GCC_WARN_64_TO_32_BIT_CONVERSION = YES;
				GCC_WARN_ABOUT_RETURN_TYPE = YES_ERROR;
				GCC_WARN_UNDECLARED_SELECTOR = YES;
				GCC_WARN_UNINITIALIZED_AUTOS = YES_AGGRESSIVE;
				GCC_WARN_UNUSED_FUNCTION = YES;
				GCC_WARN_UNUSED_VARIABLE = YES;
				IPHONEOS_DEPLOYMENT_TARGET = 15.2;
				MTL_ENABLE_DEBUG_INFO = NO;
				MTL_FAST_MATH = YES;
				SDKROOT = iphoneos;
				SWIFT_COMPILATION_MODE = wholemodule;
				SWIFT_OPTIMIZATION_LEVEL = "-O";
				VALIDATE_PRODUCT = YES;
			};
			name = Release;
		};
		D0C1EB3F28023717001A7959 /* Debug */ = {
			isa = XCBuildConfiguration;
			baseConfigurationReference = 7AC248A3C92B22D00C88123B /* Pods-Workouts.debug.xcconfig */;
			buildSettings = {
				ASSETCATALOG_COMPILER_APPICON_NAME = AppIcon;
				ASSETCATALOG_COMPILER_GLOBAL_ACCENT_COLOR_NAME = AccentColor;
				CODE_SIGN_STYLE = Automatic;
				CURRENT_PROJECT_VERSION = 1;
				DEVELOPMENT_ASSET_PATHS = "\"Workouts/Preview Content\"";
				DEVELOPMENT_TEAM = UL69KA454U;
				ENABLE_PREVIEWS = YES;
				GENERATE_INFOPLIST_FILE = YES;
				INFOPLIST_FILE = Workouts/Info.plist;
				INFOPLIST_KEY_UIApplicationSceneManifest_Generation = YES;
				INFOPLIST_KEY_UIApplicationSupportsIndirectInputEvents = YES;
				INFOPLIST_KEY_UISupportedInterfaceOrientations_iPad = "UIInterfaceOrientationPortrait UIInterfaceOrientationPortraitUpsideDown UIInterfaceOrientationLandscapeLeft UIInterfaceOrientationLandscapeRight";
				INFOPLIST_KEY_UISupportedInterfaceOrientations_iPhone = "UIInterfaceOrientationPortrait UIInterfaceOrientationLandscapeLeft UIInterfaceOrientationLandscapeRight";
				LD_RUNPATH_SEARCH_PATHS = (
					"$(inherited)",
					"@executable_path/Frameworks",
				);
				MARKETING_VERSION = 1.0;
				PRODUCT_BUNDLE_IDENTIFIER = com.justinchester.Workouts;
				PRODUCT_NAME = "$(TARGET_NAME)";
				SWIFT_EMIT_LOC_STRINGS = YES;
				SWIFT_VERSION = 5.0;
				TARGETED_DEVICE_FAMILY = "1,2";
			};
			name = Debug;
		};
		D0C1EB4028023717001A7959 /* Release */ = {
			isa = XCBuildConfiguration;
			baseConfigurationReference = D57A302D63FFCBDE459A136C /* Pods-Workouts.release.xcconfig */;
			buildSettings = {
				ASSETCATALOG_COMPILER_APPICON_NAME = AppIcon;
				ASSETCATALOG_COMPILER_GLOBAL_ACCENT_COLOR_NAME = AccentColor;
				CODE_SIGN_STYLE = Automatic;
				CURRENT_PROJECT_VERSION = 1;
				DEVELOPMENT_ASSET_PATHS = "\"Workouts/Preview Content\"";
				DEVELOPMENT_TEAM = UL69KA454U;
				ENABLE_PREVIEWS = YES;
				GENERATE_INFOPLIST_FILE = YES;
				INFOPLIST_FILE = Workouts/Info.plist;
				INFOPLIST_KEY_UIApplicationSceneManifest_Generation = YES;
				INFOPLIST_KEY_UIApplicationSupportsIndirectInputEvents = YES;
				INFOPLIST_KEY_UISupportedInterfaceOrientations_iPad = "UIInterfaceOrientationPortrait UIInterfaceOrientationPortraitUpsideDown UIInterfaceOrientationLandscapeLeft UIInterfaceOrientationLandscapeRight";
				INFOPLIST_KEY_UISupportedInterfaceOrientations_iPhone = "UIInterfaceOrientationPortrait UIInterfaceOrientationLandscapeLeft UIInterfaceOrientationLandscapeRight";
				LD_RUNPATH_SEARCH_PATHS = (
					"$(inherited)",
					"@executable_path/Frameworks",
				);
				MARKETING_VERSION = 1.0;
				PRODUCT_BUNDLE_IDENTIFIER = com.justinchester.Workouts;
				PRODUCT_NAME = "$(TARGET_NAME)";
				SWIFT_EMIT_LOC_STRINGS = YES;
				SWIFT_VERSION = 5.0;
				TARGETED_DEVICE_FAMILY = "1,2";
			};
			name = Release;
		};
/* End XCBuildConfiguration section */

/* Begin XCConfigurationList section */
		D0C1EB2B28023716001A7959 /* Build configuration list for PBXProject "Workouts" */ = {
			isa = XCConfigurationList;
			buildConfigurations = (
				D0C1EB3C28023717001A7959 /* Debug */,
				D0C1EB3D28023717001A7959 /* Release */,
			);
			defaultConfigurationIsVisible = 0;
			defaultConfigurationName = Release;
		};
		D0C1EB3E28023717001A7959 /* Build configuration list for PBXNativeTarget "Workouts" */ = {
			isa = XCConfigurationList;
			buildConfigurations = (
				D0C1EB3F28023717001A7959 /* Debug */,
				D0C1EB4028023717001A7959 /* Release */,
			);
			defaultConfigurationIsVisible = 0;
			defaultConfigurationName = Release;
		};
/* End XCConfigurationList section */
	};
	rootObject = D0C1EB2828023716001A7959 /* Project object */;
}
